// !$*UTF8*$!
{
	archiveVersion = 1;
	classes = {
	};
	objectVersion = 55;
	objects = {

/* Begin PBXBuildFile section */
		3DD14E56DAF7AF0DE0D53709 /* Pods_Online_StoreTests.framework in Frameworks */ = {isa = PBXBuildFile; fileRef = 1102EEC4A462409FECCC05CC /* Pods_Online_StoreTests.framework */; };
		5EFADBC8B7C52383E7CAD77E /* Pods_Online_Store.framework in Frameworks */ = {isa = PBXBuildFile; fileRef = 412E60753394E3AD8BA1703D /* Pods_Online_Store.framework */; };
		99124A7A286DFE37000E8075 /* AbstractErrorParser.swift in Sources */ = {isa = PBXBuildFile; fileRef = 99124A79286DFE37000E8075 /* AbstractErrorParser.swift */; };
		99124A7C286DFF92000E8075 /* ErrorParser.swift in Sources */ = {isa = PBXBuildFile; fileRef = 99124A7B286DFF92000E8075 /* ErrorParser.swift */; };
		99124A7E286E0338000E8075 /* DataRequest.swift in Sources */ = {isa = PBXBuildFile; fileRef = 99124A7D286E0338000E8075 /* DataRequest.swift */; };
		998958B0286E34E600B8841C /* AbstractRequestFactory.swift in Sources */ = {isa = PBXBuildFile; fileRef = 998958AF286E34E600B8841C /* AbstractRequestFactory.swift */; };
		998958B2286E38DB00B8841C /* RequestRouter.swift in Sources */ = {isa = PBXBuildFile; fileRef = 998958B1286E38DA00B8841C /* RequestRouter.swift */; };
		998958B4286E432F00B8841C /* LoginResult.swift in Sources */ = {isa = PBXBuildFile; fileRef = 998958B3286E432F00B8841C /* LoginResult.swift */; };
		998958B6286E436B00B8841C /* User.swift in Sources */ = {isa = PBXBuildFile; fileRef = 998958B5286E436B00B8841C /* User.swift */; };
		998958B9286E472B00B8841C /* AuthRequestFactory.swift in Sources */ = {isa = PBXBuildFile; fileRef = 998958B8286E472B00B8841C /* AuthRequestFactory.swift */; };
		998958BB286E487700B8841C /* Auth.swift in Sources */ = {isa = PBXBuildFile; fileRef = 998958BA286E487700B8841C /* Auth.swift */; };
		998958BD286E543000B8841C /* RequestFactory.swift in Sources */ = {isa = PBXBuildFile; fileRef = 998958BC286E543000B8841C /* RequestFactory.swift */; };
		998958C1286F7D1500B8841C /* RegistrationResult.swift in Sources */ = {isa = PBXBuildFile; fileRef = 998958C0286F7D1500B8841C /* RegistrationResult.swift */; };
		998958C3286F7EB300B8841C /* Registration.swift in Sources */ = {isa = PBXBuildFile; fileRef = 998958C2286F7EB300B8841C /* Registration.swift */; };
		998958C5286F7F3100B8841C /* RegistrationRequestFactory.swift in Sources */ = {isa = PBXBuildFile; fileRef = 998958C4286F7F3100B8841C /* RegistrationRequestFactory.swift */; };
		99A8D96E2860E447004ECE97 /* AppDelegate.swift in Sources */ = {isa = PBXBuildFile; fileRef = 99A8D96D2860E447004ECE97 /* AppDelegate.swift */; };
		99A8D9702860E447004ECE97 /* SceneDelegate.swift in Sources */ = {isa = PBXBuildFile; fileRef = 99A8D96F2860E447004ECE97 /* SceneDelegate.swift */; };
		99A8D9772860E44D004ECE97 /* Assets.xcassets in Resources */ = {isa = PBXBuildFile; fileRef = 99A8D9762860E44D004ECE97 /* Assets.xcassets */; };
		99A8D97A2860E44D004ECE97 /* LaunchScreen.storyboard in Resources */ = {isa = PBXBuildFile; fileRef = 99A8D9782860E44D004ECE97 /* LaunchScreen.storyboard */; };
		99A8D9852860E44D004ECE97 /* Online_StoreTests.swift in Sources */ = {isa = PBXBuildFile; fileRef = 99A8D9842860E44D004ECE97 /* Online_StoreTests.swift */; };
		99A8D98F2860E44D004ECE97 /* Online_StoreUITests.swift in Sources */ = {isa = PBXBuildFile; fileRef = 99A8D98E2860E44D004ECE97 /* Online_StoreUITests.swift */; };
		99A8D9912860E44D004ECE97 /* Online_StoreUITestsLaunchTests.swift in Sources */ = {isa = PBXBuildFile; fileRef = 99A8D9902860E44D004ECE97 /* Online_StoreUITestsLaunchTests.swift */; };
		CD8741A9A266CEE0EAD5DA41 /* Pods_Online_Store_Online_StoreUITests.framework in Frameworks */ = {isa = PBXBuildFile; fileRef = ACBBB183BEE47D4C80FDC455 /* Pods_Online_Store_Online_StoreUITests.framework */; };
/* End PBXBuildFile section */

/* Begin PBXContainerItemProxy section */
		99A8D9812860E44D004ECE97 /* PBXContainerItemProxy */ = {
			isa = PBXContainerItemProxy;
			containerPortal = 99A8D9622860E447004ECE97 /* Project object */;
			proxyType = 1;
			remoteGlobalIDString = 99A8D9692860E447004ECE97;
			remoteInfo = "Online Store";
		};
		99A8D98B2860E44D004ECE97 /* PBXContainerItemProxy */ = {
			isa = PBXContainerItemProxy;
			containerPortal = 99A8D9622860E447004ECE97 /* Project object */;
			proxyType = 1;
			remoteGlobalIDString = 99A8D9692860E447004ECE97;
			remoteInfo = "Online Store";
		};
/* End PBXContainerItemProxy section */

/* Begin PBXFileReference section */
		1102EEC4A462409FECCC05CC /* Pods_Online_StoreTests.framework */ = {isa = PBXFileReference; explicitFileType = wrapper.framework; includeInIndex = 0; path = Pods_Online_StoreTests.framework; sourceTree = BUILT_PRODUCTS_DIR; };
		2BA8253F5C2FF59B137AF983 /* Pods-Online Store-Online StoreUITests.release.xcconfig */ = {isa = PBXFileReference; includeInIndex = 1; lastKnownFileType = text.xcconfig; name = "Pods-Online Store-Online StoreUITests.release.xcconfig"; path = "Target Support Files/Pods-Online Store-Online StoreUITests/Pods-Online Store-Online StoreUITests.release.xcconfig"; sourceTree = "<group>"; };
		412E60753394E3AD8BA1703D /* Pods_Online_Store.framework */ = {isa = PBXFileReference; explicitFileType = wrapper.framework; includeInIndex = 0; path = Pods_Online_Store.framework; sourceTree = BUILT_PRODUCTS_DIR; };
		792F1B6A92E543006DA5A070 /* Pods-Online StoreTests.debug.xcconfig */ = {isa = PBXFileReference; includeInIndex = 1; lastKnownFileType = text.xcconfig; name = "Pods-Online StoreTests.debug.xcconfig"; path = "Target Support Files/Pods-Online StoreTests/Pods-Online StoreTests.debug.xcconfig"; sourceTree = "<group>"; };
		80215D8476634A5F5F99CFBC /* Pods-Online Store.debug.xcconfig */ = {isa = PBXFileReference; includeInIndex = 1; lastKnownFileType = text.xcconfig; name = "Pods-Online Store.debug.xcconfig"; path = "Target Support Files/Pods-Online Store/Pods-Online Store.debug.xcconfig"; sourceTree = "<group>"; };
		88B791736CE51B80ABBFAD29 /* Pods-Online StoreTests.release.xcconfig */ = {isa = PBXFileReference; includeInIndex = 1; lastKnownFileType = text.xcconfig; name = "Pods-Online StoreTests.release.xcconfig"; path = "Target Support Files/Pods-Online StoreTests/Pods-Online StoreTests.release.xcconfig"; sourceTree = "<group>"; };
		99124A79286DFE37000E8075 /* AbstractErrorParser.swift */ = {isa = PBXFileReference; lastKnownFileType = sourcecode.swift; path = AbstractErrorParser.swift; sourceTree = "<group>"; };
		99124A7B286DFF92000E8075 /* ErrorParser.swift */ = {isa = PBXFileReference; lastKnownFileType = sourcecode.swift; path = ErrorParser.swift; sourceTree = "<group>"; };
		99124A7D286E0338000E8075 /* DataRequest.swift */ = {isa = PBXFileReference; lastKnownFileType = sourcecode.swift; path = DataRequest.swift; sourceTree = "<group>"; };
		998958AF286E34E600B8841C /* AbstractRequestFactory.swift */ = {isa = PBXFileReference; lastKnownFileType = sourcecode.swift; path = AbstractRequestFactory.swift; sourceTree = "<group>"; };
		998958B1286E38DA00B8841C /* RequestRouter.swift */ = {isa = PBXFileReference; lastKnownFileType = sourcecode.swift; path = RequestRouter.swift; sourceTree = "<group>"; };
		998958B3286E432F00B8841C /* LoginResult.swift */ = {isa = PBXFileReference; lastKnownFileType = sourcecode.swift; path = LoginResult.swift; sourceTree = "<group>"; };
		998958B5286E436B00B8841C /* User.swift */ = {isa = PBXFileReference; lastKnownFileType = sourcecode.swift; path = User.swift; sourceTree = "<group>"; };
		998958B8286E472B00B8841C /* AuthRequestFactory.swift */ = {isa = PBXFileReference; lastKnownFileType = sourcecode.swift; path = AuthRequestFactory.swift; sourceTree = "<group>"; };
		998958BA286E487700B8841C /* Auth.swift */ = {isa = PBXFileReference; lastKnownFileType = sourcecode.swift; path = Auth.swift; sourceTree = "<group>"; };
		998958BC286E543000B8841C /* RequestFactory.swift */ = {isa = PBXFileReference; lastKnownFileType = sourcecode.swift; path = RequestFactory.swift; sourceTree = "<group>"; };
		998958C0286F7D1500B8841C /* RegistrationResult.swift */ = {isa = PBXFileReference; lastKnownFileType = sourcecode.swift; path = RegistrationResult.swift; sourceTree = "<group>"; };
		998958C2286F7EB300B8841C /* Registration.swift */ = {isa = PBXFileReference; lastKnownFileType = sourcecode.swift; path = Registration.swift; sourceTree = "<group>"; };
		998958C4286F7F3100B8841C /* RegistrationRequestFactory.swift */ = {isa = PBXFileReference; lastKnownFileType = sourcecode.swift; path = RegistrationRequestFactory.swift; sourceTree = "<group>"; };
		99A8D96A2860E447004ECE97 /* Online Store.app */ = {isa = PBXFileReference; explicitFileType = wrapper.application; includeInIndex = 0; path = "Online Store.app"; sourceTree = BUILT_PRODUCTS_DIR; };
		99A8D96D2860E447004ECE97 /* AppDelegate.swift */ = {isa = PBXFileReference; lastKnownFileType = sourcecode.swift; path = AppDelegate.swift; sourceTree = "<group>"; };
		99A8D96F2860E447004ECE97 /* SceneDelegate.swift */ = {isa = PBXFileReference; lastKnownFileType = sourcecode.swift; path = SceneDelegate.swift; sourceTree = "<group>"; };
		99A8D9762860E44D004ECE97 /* Assets.xcassets */ = {isa = PBXFileReference; lastKnownFileType = folder.assetcatalog; path = Assets.xcassets; sourceTree = "<group>"; };
		99A8D9792860E44D004ECE97 /* Base */ = {isa = PBXFileReference; lastKnownFileType = file.storyboard; name = Base; path = Base.lproj/LaunchScreen.storyboard; sourceTree = "<group>"; };
		99A8D97B2860E44D004ECE97 /* Info.plist */ = {isa = PBXFileReference; lastKnownFileType = text.plist.xml; path = Info.plist; sourceTree = "<group>"; };
		99A8D9802860E44D004ECE97 /* Online StoreTests.xctest */ = {isa = PBXFileReference; explicitFileType = wrapper.cfbundle; includeInIndex = 0; path = "Online StoreTests.xctest"; sourceTree = BUILT_PRODUCTS_DIR; };
		99A8D9842860E44D004ECE97 /* Online_StoreTests.swift */ = {isa = PBXFileReference; lastKnownFileType = sourcecode.swift; path = Online_StoreTests.swift; sourceTree = "<group>"; };
		99A8D98A2860E44D004ECE97 /* Online StoreUITests.xctest */ = {isa = PBXFileReference; explicitFileType = wrapper.cfbundle; includeInIndex = 0; path = "Online StoreUITests.xctest"; sourceTree = BUILT_PRODUCTS_DIR; };
		99A8D98E2860E44D004ECE97 /* Online_StoreUITests.swift */ = {isa = PBXFileReference; lastKnownFileType = sourcecode.swift; path = Online_StoreUITests.swift; sourceTree = "<group>"; };
		99A8D9902860E44D004ECE97 /* Online_StoreUITestsLaunchTests.swift */ = {isa = PBXFileReference; lastKnownFileType = sourcecode.swift; path = Online_StoreUITestsLaunchTests.swift; sourceTree = "<group>"; };
		ACBBB183BEE47D4C80FDC455 /* Pods_Online_Store_Online_StoreUITests.framework */ = {isa = PBXFileReference; explicitFileType = wrapper.framework; includeInIndex = 0; path = Pods_Online_Store_Online_StoreUITests.framework; sourceTree = BUILT_PRODUCTS_DIR; };
		BDFB501334DF7E409520E9A4 /* Pods-Online Store.release.xcconfig */ = {isa = PBXFileReference; includeInIndex = 1; lastKnownFileType = text.xcconfig; name = "Pods-Online Store.release.xcconfig"; path = "Target Support Files/Pods-Online Store/Pods-Online Store.release.xcconfig"; sourceTree = "<group>"; };
		F8405152D7FF7BC451F5032F /* Pods-Online Store-Online StoreUITests.debug.xcconfig */ = {isa = PBXFileReference; includeInIndex = 1; lastKnownFileType = text.xcconfig; name = "Pods-Online Store-Online StoreUITests.debug.xcconfig"; path = "Target Support Files/Pods-Online Store-Online StoreUITests/Pods-Online Store-Online StoreUITests.debug.xcconfig"; sourceTree = "<group>"; };
/* End PBXFileReference section */

/* Begin PBXFrameworksBuildPhase section */
		99A8D9672860E447004ECE97 /* Frameworks */ = {
			isa = PBXFrameworksBuildPhase;
			buildActionMask = 2147483647;
			files = (
				5EFADBC8B7C52383E7CAD77E /* Pods_Online_Store.framework in Frameworks */,
			);
			runOnlyForDeploymentPostprocessing = 0;
		};
		99A8D97D2860E44D004ECE97 /* Frameworks */ = {
			isa = PBXFrameworksBuildPhase;
			buildActionMask = 2147483647;
			files = (
				3DD14E56DAF7AF0DE0D53709 /* Pods_Online_StoreTests.framework in Frameworks */,
			);
			runOnlyForDeploymentPostprocessing = 0;
		};
		99A8D9872860E44D004ECE97 /* Frameworks */ = {
			isa = PBXFrameworksBuildPhase;
			buildActionMask = 2147483647;
			files = (
				CD8741A9A266CEE0EAD5DA41 /* Pods_Online_Store_Online_StoreUITests.framework in Frameworks */,
			);
			runOnlyForDeploymentPostprocessing = 0;
		};
/* End PBXFrameworksBuildPhase section */

/* Begin PBXGroup section */
		224878C82E6F68C1B4803D39 /* Pods */ = {
			isa = PBXGroup;
			children = (
				80215D8476634A5F5F99CFBC /* Pods-Online Store.debug.xcconfig */,
				BDFB501334DF7E409520E9A4 /* Pods-Online Store.release.xcconfig */,
				F8405152D7FF7BC451F5032F /* Pods-Online Store-Online StoreUITests.debug.xcconfig */,
				2BA8253F5C2FF59B137AF983 /* Pods-Online Store-Online StoreUITests.release.xcconfig */,
				792F1B6A92E543006DA5A070 /* Pods-Online StoreTests.debug.xcconfig */,
				88B791736CE51B80ABBFAD29 /* Pods-Online StoreTests.release.xcconfig */,
			);
			path = Pods;
			sourceTree = "<group>";
		};
		99124A78286DFDC0000E8075 /* Network */ = {
			isa = PBXGroup;
			children = (
				99124A79286DFE37000E8075 /* AbstractErrorParser.swift */,
				99124A7B286DFF92000E8075 /* ErrorParser.swift */,
				99124A7D286E0338000E8075 /* DataRequest.swift */,
				998958AF286E34E600B8841C /* AbstractRequestFactory.swift */,
				998958B1286E38DA00B8841C /* RequestRouter.swift */,
			);
			path = Network;
			sourceTree = "<group>";
		};
		998958B7286E45CC00B8841C /* Network */ = {
			isa = PBXGroup;
			children = (
				998958C7286F879B00B8841C /* Factory */,
				998958BA286E487700B8841C /* Auth.swift */,
				998958C2286F7EB300B8841C /* Registration.swift */,
			);
			path = Network;
			sourceTree = "<group>";
		};
		998958BE286F7C6800B8841C /* Auth */ = {
			isa = PBXGroup;
			children = (
				998958B3286E432F00B8841C /* LoginResult.swift */,
				998958B5286E436B00B8841C /* User.swift */,
			);
			path = Auth;
			sourceTree = "<group>";
		};
		998958BF286F7CD900B8841C /* Registration */ = {
			isa = PBXGroup;
			children = (
				998958C0286F7D1500B8841C /* RegistrationResult.swift */,
			);
			path = Registration;
			sourceTree = "<group>";
		};
		998958C7286F879B00B8841C /* Factory */ = {
			isa = PBXGroup;
			children = (
				998958B8286E472B00B8841C /* AuthRequestFactory.swift */,
				998958C4286F7F3100B8841C /* RegistrationRequestFactory.swift */,
				998958BC286E543000B8841C /* RequestFactory.swift */,
			);
			path = Factory;
			sourceTree = "<group>";
		};
		99A8D9612860E447004ECE97 = {
			isa = PBXGroup;
			children = (
				99A8D96C2860E447004ECE97 /* Online Store */,
				99A8D9832860E44D004ECE97 /* Online StoreTests */,
				99A8D98D2860E44D004ECE97 /* Online StoreUITests */,
				99A8D96B2860E447004ECE97 /* Products */,
				224878C82E6F68C1B4803D39 /* Pods */,
				FE6930717C99210297AB0BC9 /* Frameworks */,
			);
			sourceTree = "<group>";
		};
		99A8D96B2860E447004ECE97 /* Products */ = {
			isa = PBXGroup;
			children = (
				99A8D96A2860E447004ECE97 /* Online Store.app */,
				99A8D9802860E44D004ECE97 /* Online StoreTests.xctest */,
				99A8D98A2860E44D004ECE97 /* Online StoreUITests.xctest */,
			);
			name = Products;
			sourceTree = "<group>";
		};
		99A8D96C2860E447004ECE97 /* Online Store */ = {
			isa = PBXGroup;
			children = (
				99A8D99D2860E9A9004ECE97 /* App */,
				99A8D9A22860EA4D004ECE97 /* Core */,
				99A8D9A32860EA6B004ECE97 /* Resources */,
				99A8D9A42860EA83004ECE97 /* Environments */,
			);
			path = "Online Store";
			sourceTree = "<group>";
		};
		99A8D9832860E44D004ECE97 /* Online StoreTests */ = {
			isa = PBXGroup;
			children = (
				99A8D9842860E44D004ECE97 /* Online_StoreTests.swift */,
			);
			path = "Online StoreTests";
			sourceTree = "<group>";
		};
		99A8D98D2860E44D004ECE97 /* Online StoreUITests */ = {
			isa = PBXGroup;
			children = (
				99A8D98E2860E44D004ECE97 /* Online_StoreUITests.swift */,
				99A8D9902860E44D004ECE97 /* Online_StoreUITestsLaunchTests.swift */,
			);
			path = "Online StoreUITests";
			sourceTree = "<group>";
		};
		99A8D99D2860E9A9004ECE97 /* App */ = {
			isa = PBXGroup;
			children = (
				99A8D96D2860E447004ECE97 /* AppDelegate.swift */,
				99A8D96F2860E447004ECE97 /* SceneDelegate.swift */,
				99A8D99E2860E9E1004ECE97 /* BusinessLogic */,
				99A8D99F2860E9EC004ECE97 /* Entity */,
				99A8D9A02860EA13004ECE97 /* Assembly */,
				99A8D9A12860EA1D004ECE97 /* Flows */,
			);
			path = App;
			sourceTree = "<group>";
		};
		99A8D99E2860E9E1004ECE97 /* BusinessLogic */ = {
			isa = PBXGroup;
			children = (
				998958B7286E45CC00B8841C /* Network */,
			);
			path = BusinessLogic;
			sourceTree = "<group>";
		};
		99A8D99F2860E9EC004ECE97 /* Entity */ = {
			isa = PBXGroup;
			children = (
				998958BF286F7CD900B8841C /* Registration */,
				998958BE286F7C6800B8841C /* Auth */,
			);
			path = Entity;
			sourceTree = "<group>";
		};
		99A8D9A02860EA13004ECE97 /* Assembly */ = {
			isa = PBXGroup;
			children = (
			);
			path = Assembly;
			sourceTree = "<group>";
		};
		99A8D9A12860EA1D004ECE97 /* Flows */ = {
			isa = PBXGroup;
			children = (
			);
			path = Flows;
			sourceTree = "<group>";
		};
		99A8D9A22860EA4D004ECE97 /* Core */ = {
			isa = PBXGroup;
			children = (
				99124A78286DFDC0000E8075 /* Network */,
			);
			path = Core;
			sourceTree = "<group>";
		};
		99A8D9A32860EA6B004ECE97 /* Resources */ = {
			isa = PBXGroup;
			children = (
				99A8D9762860E44D004ECE97 /* Assets.xcassets */,
				99A8D9782860E44D004ECE97 /* LaunchScreen.storyboard */,
			);
			path = Resources;
			sourceTree = "<group>";
		};
		99A8D9A42860EA83004ECE97 /* Environments */ = {
			isa = PBXGroup;
			children = (
				99A8D97B2860E44D004ECE97 /* Info.plist */,
			);
			path = Environments;
			sourceTree = "<group>";
		};
		FE6930717C99210297AB0BC9 /* Frameworks */ = {
			isa = PBXGroup;
			children = (
				412E60753394E3AD8BA1703D /* Pods_Online_Store.framework */,
				ACBBB183BEE47D4C80FDC455 /* Pods_Online_Store_Online_StoreUITests.framework */,
				1102EEC4A462409FECCC05CC /* Pods_Online_StoreTests.framework */,
			);
			name = Frameworks;
			sourceTree = "<group>";
		};
/* End PBXGroup section */

/* Begin PBXNativeTarget section */
		99A8D9692860E447004ECE97 /* Online Store */ = {
			isa = PBXNativeTarget;
			buildConfigurationList = 99A8D9942860E44D004ECE97 /* Build configuration list for PBXNativeTarget "Online Store" */;
			buildPhases = (
				43D2153BB0FE598F632DF5F9 /* [CP] Check Pods Manifest.lock */,
				99A8D9662860E447004ECE97 /* Sources */,
				99A8D9672860E447004ECE97 /* Frameworks */,
				99A8D9682860E447004ECE97 /* Resources */,
				B9AFBF873F28EF8D551C44A8 /* [CP] Embed Pods Frameworks */,
			);
			buildRules = (
			);
			dependencies = (
			);
			name = "Online Store";
			productName = "Online Store";
			productReference = 99A8D96A2860E447004ECE97 /* Online Store.app */;
			productType = "com.apple.product-type.application";
		};
		99A8D97F2860E44D004ECE97 /* Online StoreTests */ = {
			isa = PBXNativeTarget;
			buildConfigurationList = 99A8D9972860E44D004ECE97 /* Build configuration list for PBXNativeTarget "Online StoreTests" */;
			buildPhases = (
				49A858A424C7B7E658A38CD3 /* [CP] Check Pods Manifest.lock */,
				99A8D97C2860E44D004ECE97 /* Sources */,
				99A8D97D2860E44D004ECE97 /* Frameworks */,
				99A8D97E2860E44D004ECE97 /* Resources */,
			);
			buildRules = (
			);
			dependencies = (
				99A8D9822860E44D004ECE97 /* PBXTargetDependency */,
			);
			name = "Online StoreTests";
			productName = "Online StoreTests";
			productReference = 99A8D9802860E44D004ECE97 /* Online StoreTests.xctest */;
			productType = "com.apple.product-type.bundle.unit-test";
		};
		99A8D9892860E44D004ECE97 /* Online StoreUITests */ = {
			isa = PBXNativeTarget;
			buildConfigurationList = 99A8D99A2860E44D004ECE97 /* Build configuration list for PBXNativeTarget "Online StoreUITests" */;
			buildPhases = (
				8F88C7C797C74315044D6300 /* [CP] Check Pods Manifest.lock */,
				99A8D9862860E44D004ECE97 /* Sources */,
				99A8D9872860E44D004ECE97 /* Frameworks */,
				99A8D9882860E44D004ECE97 /* Resources */,
				4C3A6974A5709B86118E482F /* [CP] Embed Pods Frameworks */,
			);
			buildRules = (
			);
			dependencies = (
				99A8D98C2860E44D004ECE97 /* PBXTargetDependency */,
			);
			name = "Online StoreUITests";
			productName = "Online StoreUITests";
			productReference = 99A8D98A2860E44D004ECE97 /* Online StoreUITests.xctest */;
			productType = "com.apple.product-type.bundle.ui-testing";
		};
/* End PBXNativeTarget section */

/* Begin PBXProject section */
		99A8D9622860E447004ECE97 /* Project object */ = {
			isa = PBXProject;
			attributes = {
				BuildIndependentTargetsInParallel = 1;
				LastSwiftUpdateCheck = 1330;
				LastUpgradeCheck = 1330;
				TargetAttributes = {
					99A8D9692860E447004ECE97 = {
						CreatedOnToolsVersion = 13.3.1;
					};
					99A8D97F2860E44D004ECE97 = {
						CreatedOnToolsVersion = 13.3.1;
						TestTargetID = 99A8D9692860E447004ECE97;
					};
					99A8D9892860E44D004ECE97 = {
						CreatedOnToolsVersion = 13.3.1;
						TestTargetID = 99A8D9692860E447004ECE97;
					};
				};
			};
			buildConfigurationList = 99A8D9652860E447004ECE97 /* Build configuration list for PBXProject "Online Store" */;
			compatibilityVersion = "Xcode 13.0";
			developmentRegion = en;
			hasScannedForEncodings = 0;
			knownRegions = (
				en,
				Base,
			);
			mainGroup = 99A8D9612860E447004ECE97;
			productRefGroup = 99A8D96B2860E447004ECE97 /* Products */;
			projectDirPath = "";
			projectRoot = "";
			targets = (
				99A8D9692860E447004ECE97 /* Online Store */,
				99A8D97F2860E44D004ECE97 /* Online StoreTests */,
				99A8D9892860E44D004ECE97 /* Online StoreUITests */,
			);
		};
/* End PBXProject section */

/* Begin PBXResourcesBuildPhase section */
		99A8D9682860E447004ECE97 /* Resources */ = {
			isa = PBXResourcesBuildPhase;
			buildActionMask = 2147483647;
			files = (
				99A8D97A2860E44D004ECE97 /* LaunchScreen.storyboard in Resources */,
				99A8D9772860E44D004ECE97 /* Assets.xcassets in Resources */,
			);
			runOnlyForDeploymentPostprocessing = 0;
		};
		99A8D97E2860E44D004ECE97 /* Resources */ = {
			isa = PBXResourcesBuildPhase;
			buildActionMask = 2147483647;
			files = (
			);
			runOnlyForDeploymentPostprocessing = 0;
		};
		99A8D9882860E44D004ECE97 /* Resources */ = {
			isa = PBXResourcesBuildPhase;
			buildActionMask = 2147483647;
			files = (
			);
			runOnlyForDeploymentPostprocessing = 0;
		};
/* End PBXResourcesBuildPhase section */

/* Begin PBXShellScriptBuildPhase section */
		43D2153BB0FE598F632DF5F9 /* [CP] Check Pods Manifest.lock */ = {
			isa = PBXShellScriptBuildPhase;
			buildActionMask = 2147483647;
			files = (
			);
			inputFileListPaths = (
			);
			inputPaths = (
				"${PODS_PODFILE_DIR_PATH}/Podfile.lock",
				"${PODS_ROOT}/Manifest.lock",
			);
			name = "[CP] Check Pods Manifest.lock";
			outputFileListPaths = (
			);
			outputPaths = (
				"$(DERIVED_FILE_DIR)/Pods-Online Store-checkManifestLockResult.txt",
			);
			runOnlyForDeploymentPostprocessing = 0;
			shellPath = /bin/sh;
			shellScript = "diff \"${PODS_PODFILE_DIR_PATH}/Podfile.lock\" \"${PODS_ROOT}/Manifest.lock\" > /dev/null\nif [ $? != 0 ] ; then\n    # print error to STDERR\n    echo \"error: The sandbox is not in sync with the Podfile.lock. Run 'pod install' or update your CocoaPods installation.\" >&2\n    exit 1\nfi\n# This output is used by Xcode 'outputs' to avoid re-running this script phase.\necho \"SUCCESS\" > \"${SCRIPT_OUTPUT_FILE_0}\"\n";
			showEnvVarsInLog = 0;
		};
		49A858A424C7B7E658A38CD3 /* [CP] Check Pods Manifest.lock */ = {
			isa = PBXShellScriptBuildPhase;
			buildActionMask = 2147483647;
			files = (
			);
			inputFileListPaths = (
			);
			inputPaths = (
				"${PODS_PODFILE_DIR_PATH}/Podfile.lock",
				"${PODS_ROOT}/Manifest.lock",
			);
			name = "[CP] Check Pods Manifest.lock";
			outputFileListPaths = (
			);
			outputPaths = (
				"$(DERIVED_FILE_DIR)/Pods-Online StoreTests-checkManifestLockResult.txt",
			);
			runOnlyForDeploymentPostprocessing = 0;
			shellPath = /bin/sh;
			shellScript = "diff \"${PODS_PODFILE_DIR_PATH}/Podfile.lock\" \"${PODS_ROOT}/Manifest.lock\" > /dev/null\nif [ $? != 0 ] ; then\n    # print error to STDERR\n    echo \"error: The sandbox is not in sync with the Podfile.lock. Run 'pod install' or update your CocoaPods installation.\" >&2\n    exit 1\nfi\n# This output is used by Xcode 'outputs' to avoid re-running this script phase.\necho \"SUCCESS\" > \"${SCRIPT_OUTPUT_FILE_0}\"\n";
			showEnvVarsInLog = 0;
		};
		4C3A6974A5709B86118E482F /* [CP] Embed Pods Frameworks */ = {
			isa = PBXShellScriptBuildPhase;
			buildActionMask = 2147483647;
			files = (
			);
			inputFileListPaths = (
				"${PODS_ROOT}/Target Support Files/Pods-Online Store-Online StoreUITests/Pods-Online Store-Online StoreUITests-frameworks-${CONFIGURATION}-input-files.xcfilelist",
			);
			name = "[CP] Embed Pods Frameworks";
			outputFileListPaths = (
				"${PODS_ROOT}/Target Support Files/Pods-Online Store-Online StoreUITests/Pods-Online Store-Online StoreUITests-frameworks-${CONFIGURATION}-output-files.xcfilelist",
			);
			runOnlyForDeploymentPostprocessing = 0;
			shellPath = /bin/sh;
			shellScript = "\"${PODS_ROOT}/Target Support Files/Pods-Online Store-Online StoreUITests/Pods-Online Store-Online StoreUITests-frameworks.sh\"\n";
			showEnvVarsInLog = 0;
		};
		8F88C7C797C74315044D6300 /* [CP] Check Pods Manifest.lock */ = {
			isa = PBXShellScriptBuildPhase;
			buildActionMask = 2147483647;
			files = (
			);
			inputFileListPaths = (
			);
			inputPaths = (
				"${PODS_PODFILE_DIR_PATH}/Podfile.lock",
				"${PODS_ROOT}/Manifest.lock",
			);
			name = "[CP] Check Pods Manifest.lock";
			outputFileListPaths = (
			);
			outputPaths = (
				"$(DERIVED_FILE_DIR)/Pods-Online Store-Online StoreUITests-checkManifestLockResult.txt",
			);
			runOnlyForDeploymentPostprocessing = 0;
			shellPath = /bin/sh;
			shellScript = "diff \"${PODS_PODFILE_DIR_PATH}/Podfile.lock\" \"${PODS_ROOT}/Manifest.lock\" > /dev/null\nif [ $? != 0 ] ; then\n    # print error to STDERR\n    echo \"error: The sandbox is not in sync with the Podfile.lock. Run 'pod install' or update your CocoaPods installation.\" >&2\n    exit 1\nfi\n# This output is used by Xcode 'outputs' to avoid re-running this script phase.\necho \"SUCCESS\" > \"${SCRIPT_OUTPUT_FILE_0}\"\n";
			showEnvVarsInLog = 0;
		};
		B9AFBF873F28EF8D551C44A8 /* [CP] Embed Pods Frameworks */ = {
			isa = PBXShellScriptBuildPhase;
			buildActionMask = 2147483647;
			files = (
			);
			inputFileListPaths = (
				"${PODS_ROOT}/Target Support Files/Pods-Online Store/Pods-Online Store-frameworks-${CONFIGURATION}-input-files.xcfilelist",
			);
			name = "[CP] Embed Pods Frameworks";
			outputFileListPaths = (
				"${PODS_ROOT}/Target Support Files/Pods-Online Store/Pods-Online Store-frameworks-${CONFIGURATION}-output-files.xcfilelist",
			);
			runOnlyForDeploymentPostprocessing = 0;
			shellPath = /bin/sh;
			shellScript = "\"${PODS_ROOT}/Target Support Files/Pods-Online Store/Pods-Online Store-frameworks.sh\"\n";
			showEnvVarsInLog = 0;
		};
/* End PBXShellScriptBuildPhase section */

/* Begin PBXSourcesBuildPhase section */
		99A8D9662860E447004ECE97 /* Sources */ = {
			isa = PBXSourcesBuildPhase;
			buildActionMask = 2147483647;
			files = (
				998958BD286E543000B8841C /* RequestFactory.swift in Sources */,
				99124A7A286DFE37000E8075 /* AbstractErrorParser.swift in Sources */,
				998958C3286F7EB300B8841C /* Registration.swift in Sources */,
				99124A7E286E0338000E8075 /* DataRequest.swift in Sources */,
				998958C1286F7D1500B8841C /* RegistrationResult.swift in Sources */,
				998958B9286E472B00B8841C /* AuthRequestFactory.swift in Sources */,
				998958B2286E38DB00B8841C /* RequestRouter.swift in Sources */,
				99A8D96E2860E447004ECE97 /* AppDelegate.swift in Sources */,
				998958B4286E432F00B8841C /* LoginResult.swift in Sources */,
				998958BB286E487700B8841C /* Auth.swift in Sources */,
				998958C5286F7F3100B8841C /* RegistrationRequestFactory.swift in Sources */,
				998958B6286E436B00B8841C /* User.swift in Sources */,
				99A8D9702860E447004ECE97 /* SceneDelegate.swift in Sources */,
				998958B0286E34E600B8841C /* AbstractRequestFactory.swift in Sources */,
				99124A7C286DFF92000E8075 /* ErrorParser.swift in Sources */,
			);
			runOnlyForDeploymentPostprocessing = 0;
		};
		99A8D97C2860E44D004ECE97 /* Sources */ = {
			isa = PBXSourcesBuildPhase;
			buildActionMask = 2147483647;
			files = (
				99A8D9852860E44D004ECE97 /* Online_StoreTests.swift in Sources */,
			);
			runOnlyForDeploymentPostprocessing = 0;
		};
		99A8D9862860E44D004ECE97 /* Sources */ = {
			isa = PBXSourcesBuildPhase;
			buildActionMask = 2147483647;
			files = (
				99A8D98F2860E44D004ECE97 /* Online_StoreUITests.swift in Sources */,
				99A8D9912860E44D004ECE97 /* Online_StoreUITestsLaunchTests.swift in Sources */,
			);
			runOnlyForDeploymentPostprocessing = 0;
		};
/* End PBXSourcesBuildPhase section */

/* Begin PBXTargetDependency section */
		99A8D9822860E44D004ECE97 /* PBXTargetDependency */ = {
			isa = PBXTargetDependency;
			target = 99A8D9692860E447004ECE97 /* Online Store */;
			targetProxy = 99A8D9812860E44D004ECE97 /* PBXContainerItemProxy */;
		};
		99A8D98C2860E44D004ECE97 /* PBXTargetDependency */ = {
			isa = PBXTargetDependency;
			target = 99A8D9692860E447004ECE97 /* Online Store */;
			targetProxy = 99A8D98B2860E44D004ECE97 /* PBXContainerItemProxy */;
		};
/* End PBXTargetDependency section */

/* Begin PBXVariantGroup section */
		99A8D9782860E44D004ECE97 /* LaunchScreen.storyboard */ = {
			isa = PBXVariantGroup;
			children = (
				99A8D9792860E44D004ECE97 /* Base */,
			);
			name = LaunchScreen.storyboard;
			sourceTree = "<group>";
		};
/* End PBXVariantGroup section */

/* Begin XCBuildConfiguration section */
		99A8D9922860E44D004ECE97 /* Debug */ = {
			isa = XCBuildConfiguration;
			buildSettings = {
				ALWAYS_SEARCH_USER_PATHS = NO;
				CLANG_ANALYZER_NONNULL = YES;
				CLANG_ANALYZER_NUMBER_OBJECT_CONVERSION = YES_AGGRESSIVE;
				CLANG_CXX_LANGUAGE_STANDARD = "gnu++17";
				CLANG_ENABLE_MODULES = YES;
				CLANG_ENABLE_OBJC_ARC = YES;
				CLANG_ENABLE_OBJC_WEAK = YES;
				CLANG_WARN_BLOCK_CAPTURE_AUTORELEASING = YES;
				CLANG_WARN_BOOL_CONVERSION = YES;
				CLANG_WARN_COMMA = YES;
				CLANG_WARN_CONSTANT_CONVERSION = YES;
				CLANG_WARN_DEPRECATED_OBJC_IMPLEMENTATIONS = YES;
				CLANG_WARN_DIRECT_OBJC_ISA_USAGE = YES_ERROR;
				CLANG_WARN_DOCUMENTATION_COMMENTS = YES;
				CLANG_WARN_EMPTY_BODY = YES;
				CLANG_WARN_ENUM_CONVERSION = YES;
				CLANG_WARN_INFINITE_RECURSION = YES;
				CLANG_WARN_INT_CONVERSION = YES;
				CLANG_WARN_NON_LITERAL_NULL_CONVERSION = YES;
				CLANG_WARN_OBJC_IMPLICIT_RETAIN_SELF = YES;
				CLANG_WARN_OBJC_LITERAL_CONVERSION = YES;
				CLANG_WARN_OBJC_ROOT_CLASS = YES_ERROR;
				CLANG_WARN_QUOTED_INCLUDE_IN_FRAMEWORK_HEADER = YES;
				CLANG_WARN_RANGE_LOOP_ANALYSIS = YES;
				CLANG_WARN_STRICT_PROTOTYPES = YES;
				CLANG_WARN_SUSPICIOUS_MOVE = YES;
				CLANG_WARN_UNGUARDED_AVAILABILITY = YES_AGGRESSIVE;
				CLANG_WARN_UNREACHABLE_CODE = YES;
				CLANG_WARN__DUPLICATE_METHOD_MATCH = YES;
				COPY_PHASE_STRIP = NO;
				DEBUG_INFORMATION_FORMAT = dwarf;
				ENABLE_STRICT_OBJC_MSGSEND = YES;
				ENABLE_TESTABILITY = YES;
				GCC_C_LANGUAGE_STANDARD = gnu11;
				GCC_DYNAMIC_NO_PIC = NO;
				GCC_NO_COMMON_BLOCKS = YES;
				GCC_OPTIMIZATION_LEVEL = 0;
				GCC_PREPROCESSOR_DEFINITIONS = (
					"DEBUG=1",
					"$(inherited)",
				);
				GCC_WARN_64_TO_32_BIT_CONVERSION = YES;
				GCC_WARN_ABOUT_RETURN_TYPE = YES_ERROR;
				GCC_WARN_UNDECLARED_SELECTOR = YES;
				GCC_WARN_UNINITIALIZED_AUTOS = YES_AGGRESSIVE;
				GCC_WARN_UNUSED_FUNCTION = YES;
				GCC_WARN_UNUSED_VARIABLE = YES;
				IPHONEOS_DEPLOYMENT_TARGET = 15.4;
				MTL_ENABLE_DEBUG_INFO = INCLUDE_SOURCE;
				MTL_FAST_MATH = YES;
				ONLY_ACTIVE_ARCH = YES;
				SDKROOT = iphoneos;
				SWIFT_ACTIVE_COMPILATION_CONDITIONS = DEBUG;
				SWIFT_OPTIMIZATION_LEVEL = "-Onone";
			};
			name = Debug;
		};
		99A8D9932860E44D004ECE97 /* Release */ = {
			isa = XCBuildConfiguration;
			buildSettings = {
				ALWAYS_SEARCH_USER_PATHS = NO;
				CLANG_ANALYZER_NONNULL = YES;
				CLANG_ANALYZER_NUMBER_OBJECT_CONVERSION = YES_AGGRESSIVE;
				CLANG_CXX_LANGUAGE_STANDARD = "gnu++17";
				CLANG_ENABLE_MODULES = YES;
				CLANG_ENABLE_OBJC_ARC = YES;
				CLANG_ENABLE_OBJC_WEAK = YES;
				CLANG_WARN_BLOCK_CAPTURE_AUTORELEASING = YES;
				CLANG_WARN_BOOL_CONVERSION = YES;
				CLANG_WARN_COMMA = YES;
				CLANG_WARN_CONSTANT_CONVERSION = YES;
				CLANG_WARN_DEPRECATED_OBJC_IMPLEMENTATIONS = YES;
				CLANG_WARN_DIRECT_OBJC_ISA_USAGE = YES_ERROR;
				CLANG_WARN_DOCUMENTATION_COMMENTS = YES;
				CLANG_WARN_EMPTY_BODY = YES;
				CLANG_WARN_ENUM_CONVERSION = YES;
				CLANG_WARN_INFINITE_RECURSION = YES;
				CLANG_WARN_INT_CONVERSION = YES;
				CLANG_WARN_NON_LITERAL_NULL_CONVERSION = YES;
				CLANG_WARN_OBJC_IMPLICIT_RETAIN_SELF = YES;
				CLANG_WARN_OBJC_LITERAL_CONVERSION = YES;
				CLANG_WARN_OBJC_ROOT_CLASS = YES_ERROR;
				CLANG_WARN_QUOTED_INCLUDE_IN_FRAMEWORK_HEADER = YES;
				CLANG_WARN_RANGE_LOOP_ANALYSIS = YES;
				CLANG_WARN_STRICT_PROTOTYPES = YES;
				CLANG_WARN_SUSPICIOUS_MOVE = YES;
				CLANG_WARN_UNGUARDED_AVAILABILITY = YES_AGGRESSIVE;
				CLANG_WARN_UNREACHABLE_CODE = YES;
				CLANG_WARN__DUPLICATE_METHOD_MATCH = YES;
				COPY_PHASE_STRIP = NO;
				DEBUG_INFORMATION_FORMAT = "dwarf-with-dsym";
				ENABLE_NS_ASSERTIONS = NO;
				ENABLE_STRICT_OBJC_MSGSEND = YES;
				GCC_C_LANGUAGE_STANDARD = gnu11;
				GCC_NO_COMMON_BLOCKS = YES;
				GCC_WARN_64_TO_32_BIT_CONVERSION = YES;
				GCC_WARN_ABOUT_RETURN_TYPE = YES_ERROR;
				GCC_WARN_UNDECLARED_SELECTOR = YES;
				GCC_WARN_UNINITIALIZED_AUTOS = YES_AGGRESSIVE;
				GCC_WARN_UNUSED_FUNCTION = YES;
				GCC_WARN_UNUSED_VARIABLE = YES;
				IPHONEOS_DEPLOYMENT_TARGET = 15.4;
				MTL_ENABLE_DEBUG_INFO = NO;
				MTL_FAST_MATH = YES;
				SDKROOT = iphoneos;
				SWIFT_COMPILATION_MODE = wholemodule;
				SWIFT_OPTIMIZATION_LEVEL = "-O";
				VALIDATE_PRODUCT = YES;
			};
			name = Release;
		};
		99A8D9952860E44D004ECE97 /* Debug */ = {
			isa = XCBuildConfiguration;
			baseConfigurationReference = 80215D8476634A5F5F99CFBC /* Pods-Online Store.debug.xcconfig */;
			buildSettings = {
				ASSETCATALOG_COMPILER_APPICON_NAME = AppIcon;
				ASSETCATALOG_COMPILER_GLOBAL_ACCENT_COLOR_NAME = AccentColor;
				CODE_SIGN_STYLE = Automatic;
				CURRENT_PROJECT_VERSION = 1;
				DEVELOPMENT_TEAM = 2753KP9756;
				GENERATE_INFOPLIST_FILE = YES;
				INFOPLIST_FILE = "Online Store/Environments/Info.plist";
				INFOPLIST_KEY_UIApplicationSupportsIndirectInputEvents = YES;
				INFOPLIST_KEY_UILaunchStoryboardName = LaunchScreen;
				INFOPLIST_KEY_UIMainStoryboardFile = "";
				INFOPLIST_KEY_UISupportedInterfaceOrientations_iPad = "UIInterfaceOrientationPortrait UIInterfaceOrientationPortraitUpsideDown UIInterfaceOrientationLandscapeLeft UIInterfaceOrientationLandscapeRight";
				INFOPLIST_KEY_UISupportedInterfaceOrientations_iPhone = "UIInterfaceOrientationPortrait UIInterfaceOrientationLandscapeLeft UIInterfaceOrientationLandscapeRight";
				LD_RUNPATH_SEARCH_PATHS = (
					"$(inherited)",
					"@executable_path/Frameworks",
				);
				MARKETING_VERSION = 1.0;
				PRODUCT_BUNDLE_IDENTIFIER = "Goryachev.Online-Store";
				PRODUCT_NAME = "$(TARGET_NAME)";
				SWIFT_EMIT_LOC_STRINGS = YES;
				SWIFT_VERSION = 5.0;
				TARGETED_DEVICE_FAMILY = "1,2";
			};
			name = Debug;
		};
		99A8D9962860E44D004ECE97 /* Release */ = {
			isa = XCBuildConfiguration;
			baseConfigurationReference = BDFB501334DF7E409520E9A4 /* Pods-Online Store.release.xcconfig */;
			buildSettings = {
				ASSETCATALOG_COMPILER_APPICON_NAME = AppIcon;
				ASSETCATALOG_COMPILER_GLOBAL_ACCENT_COLOR_NAME = AccentColor;
				CODE_SIGN_STYLE = Automatic;
				CURRENT_PROJECT_VERSION = 1;
				DEVELOPMENT_TEAM = 2753KP9756;
				GENERATE_INFOPLIST_FILE = YES;
				INFOPLIST_FILE = "Online Store/Environments/Info.plist";
				INFOPLIST_KEY_UIApplicationSupportsIndirectInputEvents = YES;
				INFOPLIST_KEY_UILaunchStoryboardName = LaunchScreen;
				INFOPLIST_KEY_UIMainStoryboardFile = "";
				INFOPLIST_KEY_UISupportedInterfaceOrientations_iPad = "UIInterfaceOrientationPortrait UIInterfaceOrientationPortraitUpsideDown UIInterfaceOrientationLandscapeLeft UIInterfaceOrientationLandscapeRight";
				INFOPLIST_KEY_UISupportedInterfaceOrientations_iPhone = "UIInterfaceOrientationPortrait UIInterfaceOrientationLandscapeLeft UIInterfaceOrientationLandscapeRight";
				LD_RUNPATH_SEARCH_PATHS = (
					"$(inherited)",
					"@executable_path/Frameworks",
				);
				MARKETING_VERSION = 1.0;
				PRODUCT_BUNDLE_IDENTIFIER = "Goryachev.Online-Store";
				PRODUCT_NAME = "$(TARGET_NAME)";
				SWIFT_EMIT_LOC_STRINGS = YES;
				SWIFT_VERSION = 5.0;
				TARGETED_DEVICE_FAMILY = "1,2";
			};
			name = Release;
		};
		99A8D9982860E44D004ECE97 /* Debug */ = {
			isa = XCBuildConfiguration;
			baseConfigurationReference = 792F1B6A92E543006DA5A070 /* Pods-Online StoreTests.debug.xcconfig */;
			buildSettings = {
				ALWAYS_EMBED_SWIFT_STANDARD_LIBRARIES = YES;
				BUNDLE_LOADER = "$(TEST_HOST)";
				CODE_SIGN_STYLE = Automatic;
				CURRENT_PROJECT_VERSION = 1;
				DEVELOPMENT_TEAM = 2753KP9756;
				GENERATE_INFOPLIST_FILE = YES;
				IPHONEOS_DEPLOYMENT_TARGET = 15.4;
				MARKETING_VERSION = 1.0;
				PRODUCT_BUNDLE_IDENTIFIER = "Goryachev.Online-StoreTests";
				PRODUCT_NAME = "$(TARGET_NAME)";
				SWIFT_EMIT_LOC_STRINGS = NO;
				SWIFT_VERSION = 5.0;
				TARGETED_DEVICE_FAMILY = "1,2";
				TEST_HOST = "$(BUILT_PRODUCTS_DIR)/Online Store.app/Online Store";
			};
			name = Debug;
		};
		99A8D9992860E44D004ECE97 /* Release */ = {
			isa = XCBuildConfiguration;
			baseConfigurationReference = 88B791736CE51B80ABBFAD29 /* Pods-Online StoreTests.release.xcconfig */;
			buildSettings = {
				ALWAYS_EMBED_SWIFT_STANDARD_LIBRARIES = YES;
				BUNDLE_LOADER = "$(TEST_HOST)";
				CODE_SIGN_STYLE = Automatic;
				CURRENT_PROJECT_VERSION = 1;
				DEVELOPMENT_TEAM = 2753KP9756;
				GENERATE_INFOPLIST_FILE = YES;
				IPHONEOS_DEPLOYMENT_TARGET = 15.4;
				MARKETING_VERSION = 1.0;
				PRODUCT_BUNDLE_IDENTIFIER = "Goryachev.Online-StoreTests";
				PRODUCT_NAME = "$(TARGET_NAME)";
				SWIFT_EMIT_LOC_STRINGS = NO;
				SWIFT_VERSION = 5.0;
				TARGETED_DEVICE_FAMILY = "1,2";
				TEST_HOST = "$(BUILT_PRODUCTS_DIR)/Online Store.app/Online Store";
			};
			name = Release;
		};
		99A8D99B2860E44D004ECE97 /* Debug */ = {
			isa = XCBuildConfiguration;
			baseConfigurationReference = F8405152D7FF7BC451F5032F /* Pods-Online Store-Online StoreUITests.debug.xcconfig */;
			buildSettings = {
				ALWAYS_EMBED_SWIFT_STANDARD_LIBRARIES = YES;
				CODE_SIGN_STYLE = Automatic;
				CURRENT_PROJECT_VERSION = 1;
				DEVELOPMENT_TEAM = 2753KP9756;
				GENERATE_INFOPLIST_FILE = YES;
				MARKETING_VERSION = 1.0;
				PRODUCT_BUNDLE_IDENTIFIER = "Goryachev.Online-StoreUITests";
				PRODUCT_NAME = "$(TARGET_NAME)";
				SWIFT_EMIT_LOC_STRINGS = NO;
				SWIFT_VERSION = 5.0;
				TARGETED_DEVICE_FAMILY = "1,2";
				TEST_TARGET_NAME = "Online Store";
			};
			name = Debug;
		};
		99A8D99C2860E44D004ECE97 /* Release */ = {
			isa = XCBuildConfiguration;
			baseConfigurationReference = 2BA8253F5C2FF59B137AF983 /* Pods-Online Store-Online StoreUITests.release.xcconfig */;
			buildSettings = {
				ALWAYS_EMBED_SWIFT_STANDARD_LIBRARIES = YES;
				CODE_SIGN_STYLE = Automatic;
				CURRENT_PROJECT_VERSION = 1;
				DEVELOPMENT_TEAM = 2753KP9756;
				GENERATE_INFOPLIST_FILE = YES;
				MARKETING_VERSION = 1.0;
				PRODUCT_BUNDLE_IDENTIFIER = "Goryachev.Online-StoreUITests";
				PRODUCT_NAME = "$(TARGET_NAME)";
				SWIFT_EMIT_LOC_STRINGS = NO;
				SWIFT_VERSION = 5.0;
				TARGETED_DEVICE_FAMILY = "1,2";
				TEST_TARGET_NAME = "Online Store";
			};
			name = Release;
		};
/* End XCBuildConfiguration section */

/* Begin XCConfigurationList section */
		99A8D9652860E447004ECE97 /* Build configuration list for PBXProject "Online Store" */ = {
			isa = XCConfigurationList;
			buildConfigurations = (
				99A8D9922860E44D004ECE97 /* Debug */,
				99A8D9932860E44D004ECE97 /* Release */,
			);
			defaultConfigurationIsVisible = 0;
			defaultConfigurationName = Release;
		};
		99A8D9942860E44D004ECE97 /* Build configuration list for PBXNativeTarget "Online Store" */ = {
			isa = XCConfigurationList;
			buildConfigurations = (
				99A8D9952860E44D004ECE97 /* Debug */,
				99A8D9962860E44D004ECE97 /* Release */,
			);
			defaultConfigurationIsVisible = 0;
			defaultConfigurationName = Release;
		};
		99A8D9972860E44D004ECE97 /* Build configuration list for PBXNativeTarget "Online StoreTests" */ = {
			isa = XCConfigurationList;
			buildConfigurations = (
				99A8D9982860E44D004ECE97 /* Debug */,
				99A8D9992860E44D004ECE97 /* Release */,
			);
			defaultConfigurationIsVisible = 0;
			defaultConfigurationName = Release;
		};
		99A8D99A2860E44D004ECE97 /* Build configuration list for PBXNativeTarget "Online StoreUITests" */ = {
			isa = XCConfigurationList;
			buildConfigurations = (
				99A8D99B2860E44D004ECE97 /* Debug */,
				99A8D99C2860E44D004ECE97 /* Release */,
			);
			defaultConfigurationIsVisible = 0;
			defaultConfigurationName = Release;
		};
/* End XCConfigurationList section */
	};
	rootObject = 99A8D9622860E447004ECE97 /* Project object */;
}
